// !$*UTF8*$!
{
	archiveVersion = 1;
	classes = {
	};
	objectVersion = 50;
	objects = {

/* Begin PBXBuildFile section */
		FB160EF826A688070057B5BF /* AppDelegate.swift in Sources */ = {isa = PBXBuildFile; fileRef = FB160EF726A688070057B5BF /* AppDelegate.swift */; };
		FB160EFC26A688070057B5BF /* ViewController.swift in Sources */ = {isa = PBXBuildFile; fileRef = FB160EFB26A688070057B5BF /* ViewController.swift */; };
		FB160EFF26A688070057B5BF /* Main.storyboard in Resources */ = {isa = PBXBuildFile; fileRef = FB160EFD26A688070057B5BF /* Main.storyboard */; };
		FB160F0126A688080057B5BF /* Assets.xcassets in Resources */ = {isa = PBXBuildFile; fileRef = FB160F0026A688080057B5BF /* Assets.xcassets */; };
		FB160F0426A688080057B5BF /* LaunchScreen.storyboard in Resources */ = {isa = PBXBuildFile; fileRef = FB160F0226A688080057B5BF /* LaunchScreen.storyboard */; };
		FB160F0C26A688700057B5BF /* README.md in Resources */ = {isa = PBXBuildFile; fileRef = FB160F0B26A688700057B5BF /* README.md */; };
		FB160F0E26A698D70057B5BF /* ListViewController.swift in Sources */ = {isa = PBXBuildFile; fileRef = FB160F0D26A698D70057B5BF /* ListViewController.swift */; };
		FB160F1026A6B9550057B5BF /* MovieVO.swift in Sources */ = {isa = PBXBuildFile; fileRef = FB160F0F26A6B9550057B5BF /* MovieVO.swift */; };
		FBC2901626A903FB001D8EE8 /* DetailViewController.swift in Sources */ = {isa = PBXBuildFile; fileRef = FBC2901526A903FB001D8EE8 /* DetailViewController.swift */; };
		FBC2901826A93CD6001D8EE8 /* TheaterCell.swift in Sources */ = {isa = PBXBuildFile; fileRef = FBC2901726A93CD6001D8EE8 /* TheaterCell.swift */; };
		FBC2901A26A93D93001D8EE8 /* TheaterListController.swift in Sources */ = {isa = PBXBuildFile; fileRef = FBC2901926A93D93001D8EE8 /* TheaterListController.swift */; };
		FBC2901D26A94BEC001D8EE8 /* MapKit.framework in Frameworks */ = {isa = PBXBuildFile; fileRef = FBC2901C26A94BEC001D8EE8 /* MapKit.framework */; };
		FBE20B3426A7AB8E005FDE6A /* MovieCell.swift in Sources */ = {isa = PBXBuildFile; fileRef = FBE20B3326A7AB8E005FDE6A /* MovieCell.swift */; };
		FBE20B3926A7B196005FDE6A /* secret.jpg in Resources */ = {isa = PBXBuildFile; fileRef = FBE20B3626A7B195005FDE6A /* secret.jpg */; };
		FBE20B3A26A7B196005FDE6A /* darknight.jpg in Resources */ = {isa = PBXBuildFile; fileRef = FBE20B3726A7B195005FDE6A /* darknight.jpg */; };
		FBE20B3B26A7B196005FDE6A /* rain.jpg in Resources */ = {isa = PBXBuildFile; fileRef = FBE20B3826A7B196005FDE6A /* rain.jpg */; };
/* End PBXBuildFile section */

/* Begin PBXFileReference section */
		FB160EF426A688070057B5BF /* MyMovieChart.app */ = {isa = PBXFileReference; explicitFileType = wrapper.application; includeInIndex = 0; path = MyMovieChart.app; sourceTree = BUILT_PRODUCTS_DIR; };
		FB160EF726A688070057B5BF /* AppDelegate.swift */ = {isa = PBXFileReference; lastKnownFileType = sourcecode.swift; path = AppDelegate.swift; sourceTree = "<group>"; };
		FB160EFB26A688070057B5BF /* ViewController.swift */ = {isa = PBXFileReference; lastKnownFileType = sourcecode.swift; path = ViewController.swift; sourceTree = "<group>"; };
		FB160EFE26A688070057B5BF /* Base */ = {isa = PBXFileReference; lastKnownFileType = file.storyboard; name = Base; path = Base.lproj/Main.storyboard; sourceTree = "<group>"; };
		FB160F0026A688080057B5BF /* Assets.xcassets */ = {isa = PBXFileReference; lastKnownFileType = folder.assetcatalog; path = Assets.xcassets; sourceTree = "<group>"; };
		FB160F0326A688080057B5BF /* Base */ = {isa = PBXFileReference; lastKnownFileType = file.storyboard; name = Base; path = Base.lproj/LaunchScreen.storyboard; sourceTree = "<group>"; };
		FB160F0526A688080057B5BF /* Info.plist */ = {isa = PBXFileReference; lastKnownFileType = text.plist.xml; path = Info.plist; sourceTree = "<group>"; };
		FB160F0B26A688700057B5BF /* README.md */ = {isa = PBXFileReference; lastKnownFileType = net.daringfireball.markdown; path = README.md; sourceTree = "<group>"; };
		FB160F0D26A698D70057B5BF /* ListViewController.swift */ = {isa = PBXFileReference; lastKnownFileType = sourcecode.swift; path = ListViewController.swift; sourceTree = "<group>"; };
		FB160F0F26A6B9550057B5BF /* MovieVO.swift */ = {isa = PBXFileReference; lastKnownFileType = sourcecode.swift; path = MovieVO.swift; sourceTree = "<group>"; };
		FBC2901526A903FB001D8EE8 /* DetailViewController.swift */ = {isa = PBXFileReference; lastKnownFileType = sourcecode.swift; path = DetailViewController.swift; sourceTree = "<group>"; };
		FBC2901726A93CD6001D8EE8 /* TheaterCell.swift */ = {isa = PBXFileReference; lastKnownFileType = sourcecode.swift; path = TheaterCell.swift; sourceTree = "<group>"; };
		FBC2901926A93D93001D8EE8 /* TheaterListController.swift */ = {isa = PBXFileReference; lastKnownFileType = sourcecode.swift; path = TheaterListController.swift; sourceTree = "<group>"; };
		FBC2901C26A94BEC001D8EE8 /* MapKit.framework */ = {isa = PBXFileReference; lastKnownFileType = wrapper.framework; name = MapKit.framework; path = System/Library/Frameworks/MapKit.framework; sourceTree = SDKROOT; };
		FBE20B3326A7AB8E005FDE6A /* MovieCell.swift */ = {isa = PBXFileReference; lastKnownFileType = sourcecode.swift; path = MovieCell.swift; sourceTree = "<group>"; };
		FBE20B3626A7B195005FDE6A /* secret.jpg */ = {isa = PBXFileReference; lastKnownFileType = image.jpeg; path = secret.jpg; sourceTree = "<group>"; };
		FBE20B3726A7B195005FDE6A /* darknight.jpg */ = {isa = PBXFileReference; lastKnownFileType = image.jpeg; path = darknight.jpg; sourceTree = "<group>"; };
		FBE20B3826A7B196005FDE6A /* rain.jpg */ = {isa = PBXFileReference; lastKnownFileType = image.jpeg; path = rain.jpg; sourceTree = "<group>"; };
/* End PBXFileReference section */

/* Begin PBXFrameworksBuildPhase section */
		FB160EF126A688070057B5BF /* Frameworks */ = {
			isa = PBXFrameworksBuildPhase;
			buildActionMask = 2147483647;
			files = (
				FBC2901D26A94BEC001D8EE8 /* MapKit.framework in Frameworks */,
			);
			runOnlyForDeploymentPostprocessing = 0;
		};
/* End PBXFrameworksBuildPhase section */

/* Begin PBXGroup section */
		FB160EEB26A688070057B5BF = {
			isa = PBXGroup;
			children = (
				FB160F0B26A688700057B5BF /* README.md */,
				FBE20B3526A7B02E005FDE6A /* Resources */,
				FB160EF626A688070057B5BF /* MyMovieChart */,
				FB160EF526A688070057B5BF /* Products */,
				FBC2901B26A94BEC001D8EE8 /* Frameworks */,
			);
			sourceTree = "<group>";
		};
		FB160EF526A688070057B5BF /* Products */ = {
			isa = PBXGroup;
			children = (
				FB160EF426A688070057B5BF /* MyMovieChart.app */,
			);
			name = Products;
			sourceTree = "<group>";
		};
		FB160EF626A688070057B5BF /* MyMovieChart */ = {
			isa = PBXGroup;
			children = (
				FB160EF726A688070057B5BF /* AppDelegate.swift */,
				FB160EFB26A688070057B5BF /* ViewController.swift */,
				FB160F0D26A698D70057B5BF /* ListViewController.swift */,
				FB160EFD26A688070057B5BF /* Main.storyboard */,
				FBC2901726A93CD6001D8EE8 /* TheaterCell.swift */,
				FBC2901926A93D93001D8EE8 /* TheaterListController.swift */,
				FBC2901526A903FB001D8EE8 /* DetailViewController.swift */,
				FB160F0F26A6B9550057B5BF /* MovieVO.swift */,
				FB160F0026A688080057B5BF /* Assets.xcassets */,
				FB160F0226A688080057B5BF /* LaunchScreen.storyboard */,
				FB160F0526A688080057B5BF /* Info.plist */,
				FBE20B3326A7AB8E005FDE6A /* MovieCell.swift */,
			);
			path = MyMovieChart;
			sourceTree = "<group>";
		};
		FBC2901B26A94BEC001D8EE8 /* Frameworks */ = {
			isa = PBXGroup;
			children = (
				FBC2901C26A94BEC001D8EE8 /* MapKit.framework */,
			);
			name = Frameworks;
			sourceTree = "<group>";
		};
		FBE20B3526A7B02E005FDE6A /* Resources */ = {
			isa = PBXGroup;
			children = (
				FBE20B3726A7B195005FDE6A /* darknight.jpg */,
				FBE20B3826A7B196005FDE6A /* rain.jpg */,
				FBE20B3626A7B195005FDE6A /* secret.jpg */,
			);
			path = Resources;
			sourceTree = "<group>";
		};
/* End PBXGroup section */

/* Begin PBXNativeTarget section */
		FB160EF326A688070057B5BF /* MyMovieChart */ = {
			isa = PBXNativeTarget;
			buildConfigurationList = FB160F0826A688080057B5BF /* Build configuration list for PBXNativeTarget "MyMovieChart" */;
			buildPhases = (
				FB160EF026A688070057B5BF /* Sources */,
				FB160EF126A688070057B5BF /* Frameworks */,
				FB160EF226A688070057B5BF /* Resources */,
			);
			buildRules = (
			);
			dependencies = (
			);
			name = MyMovieChart;
			productName = MyMovieChart;
			productReference = FB160EF426A688070057B5BF /* MyMovieChart.app */;
			productType = "com.apple.product-type.application";
		};
/* End PBXNativeTarget section */

/* Begin PBXProject section */
		FB160EEC26A688070057B5BF /* Project object */ = {
			isa = PBXProject;
			attributes = {
				LastSwiftUpdateCheck = 1250;
				LastUpgradeCheck = 1250;
				TargetAttributes = {
					FB160EF326A688070057B5BF = {
						CreatedOnToolsVersion = 12.5.1;
					};
				};
			};
			buildConfigurationList = FB160EEF26A688070057B5BF /* Build configuration list for PBXProject "MyMovieChart" */;
			compatibilityVersion = "Xcode 9.3";
			developmentRegion = en;
			hasScannedForEncodings = 0;
			knownRegions = (
				en,
				Base,
			);
			mainGroup = FB160EEB26A688070057B5BF;
			productRefGroup = FB160EF526A688070057B5BF /* Products */;
			projectDirPath = "";
			projectRoot = "";
			targets = (
				FB160EF326A688070057B5BF /* MyMovieChart */,
			);
		};
/* End PBXProject section */

/* Begin PBXResourcesBuildPhase section */
		FB160EF226A688070057B5BF /* Resources */ = {
			isa = PBXResourcesBuildPhase;
			buildActionMask = 2147483647;
			files = (
				FBE20B3A26A7B196005FDE6A /* darknight.jpg in Resources */,
				FB160F0426A688080057B5BF /* LaunchScreen.storyboard in Resources */,
				FBE20B3B26A7B196005FDE6A /* rain.jpg in Resources */,
				FB160F0126A688080057B5BF /* Assets.xcassets in Resources */,
				FB160F0C26A688700057B5BF /* README.md in Resources */,
				FB160EFF26A688070057B5BF /* Main.storyboard in Resources */,
				FBE20B3926A7B196005FDE6A /* secret.jpg in Resources */,
			);
			runOnlyForDeploymentPostprocessing = 0;
		};
/* End PBXResourcesBuildPhase section */

/* Begin PBXSourcesBuildPhase section */
		FB160EF026A688070057B5BF /* Sources */ = {
			isa = PBXSourcesBuildPhase;
			buildActionMask = 2147483647;
			files = (
				FB160EFC26A688070057B5BF /* ViewController.swift in Sources */,
				FBC2901826A93CD6001D8EE8 /* TheaterCell.swift in Sources */,
				FB160F1026A6B9550057B5BF /* MovieVO.swift in Sources */,
				FBC2901A26A93D93001D8EE8 /* TheaterListController.swift in Sources */,
				FB160EF826A688070057B5BF /* AppDelegate.swift in Sources */,
				FBC2901626A903FB001D8EE8 /* DetailViewController.swift in Sources */,
				FBE20B3426A7AB8E005FDE6A /* MovieCell.swift in Sources */,
				FB160F0E26A698D70057B5BF /* ListViewController.swift in Sources */,
			);
			runOnlyForDeploymentPostprocessing = 0;
		};
/* End PBXSourcesBuildPhase section */

/* Begin PBXVariantGroup section */
		FB160EFD26A688070057B5BF /* Main.storyboard */ = {
			isa = PBXVariantGroup;
			children = (
				FB160EFE26A688070057B5BF /* Base */,
			);
			name = Main.storyboard;
			sourceTree = "<group>";
		};
		FB160F0226A688080057B5BF /* LaunchScreen.storyboard */ = {
			isa = PBXVariantGroup;
			children = (
				FB160F0326A688080057B5BF /* Base */,
			);
			name = LaunchScreen.storyboard;
			sourceTree = "<group>";
		};
/* End PBXVariantGroup section */

/* Begin XCBuildConfiguration section */
		FB160F0626A688080057B5BF /* Debug */ = {
			isa = XCBuildConfiguration;
			buildSettings = {
				ALWAYS_SEARCH_USER_PATHS = NO;
				CLANG_ANALYZER_NONNULL = YES;
				CLANG_ANALYZER_NUMBER_OBJECT_CONVERSION = YES_AGGRESSIVE;
				CLANG_CXX_LANGUAGE_STANDARD = "gnu++14";
				CLANG_CXX_LIBRARY = "libc++";
				CLANG_ENABLE_MODULES = YES;
				CLANG_ENABLE_OBJC_ARC = YES;
				CLANG_ENABLE_OBJC_WEAK = YES;
				CLANG_WARN_BLOCK_CAPTURE_AUTORELEASING = YES;
				CLANG_WARN_BOOL_CONVERSION = YES;
				CLANG_WARN_COMMA = YES;
				CLANG_WARN_CONSTANT_CONVERSION = YES;
				CLANG_WARN_DEPRECATED_OBJC_IMPLEMENTATIONS = YES;
				CLANG_WARN_DIRECT_OBJC_ISA_USAGE = YES_ERROR;
				CLANG_WARN_DOCUMENTATION_COMMENTS = YES;
				CLANG_WARN_EMPTY_BODY = YES;
				CLANG_WARN_ENUM_CONVERSION = YES;
				CLANG_WARN_INFINITE_RECURSION = YES;
				CLANG_WARN_INT_CONVERSION = YES;
				CLANG_WARN_NON_LITERAL_NULL_CONVERSION = YES;
				CLANG_WARN_OBJC_IMPLICIT_RETAIN_SELF = YES;
				CLANG_WARN_OBJC_LITERAL_CONVERSION = YES;
				CLANG_WARN_OBJC_ROOT_CLASS = YES_ERROR;
				CLANG_WARN_QUOTED_INCLUDE_IN_FRAMEWORK_HEADER = YES;
				CLANG_WARN_RANGE_LOOP_ANALYSIS = YES;
				CLANG_WARN_STRICT_PROTOTYPES = YES;
				CLANG_WARN_SUSPICIOUS_MOVE = YES;
				CLANG_WARN_UNGUARDED_AVAILABILITY = YES_AGGRESSIVE;
				CLANG_WARN_UNREACHABLE_CODE = YES;
				CLANG_WARN__DUPLICATE_METHOD_MATCH = YES;
				COPY_PHASE_STRIP = NO;
				DEBUG_INFORMATION_FORMAT = dwarf;
				ENABLE_STRICT_OBJC_MSGSEND = YES;
				ENABLE_TESTABILITY = YES;
				GCC_C_LANGUAGE_STANDARD = gnu11;
				GCC_DYNAMIC_NO_PIC = NO;
				GCC_NO_COMMON_BLOCKS = YES;
				GCC_OPTIMIZATION_LEVEL = 0;
				GCC_PREPROCESSOR_DEFINITIONS = (
					"DEBUG=1",
					"$(inherited)",
				);
				GCC_WARN_64_TO_32_BIT_CONVERSION = YES;
				GCC_WARN_ABOUT_RETURN_TYPE = YES_ERROR;
				GCC_WARN_UNDECLARED_SELECTOR = YES;
				GCC_WARN_UNINITIALIZED_AUTOS = YES_AGGRESSIVE;
				GCC_WARN_UNUSED_FUNCTION = YES;
				GCC_WARN_UNUSED_VARIABLE = YES;
				IPHONEOS_DEPLOYMENT_TARGET = 14.5;
				MTL_ENABLE_DEBUG_INFO = INCLUDE_SOURCE;
				MTL_FAST_MATH = YES;
				ONLY_ACTIVE_ARCH = YES;
				SDKROOT = iphoneos;
				SWIFT_ACTIVE_COMPILATION_CONDITIONS = DEBUG;
				SWIFT_OPTIMIZATION_LEVEL = "-Onone";
			};
			name = Debug;
		};
		FB160F0726A688080057B5BF /* Release */ = {
			isa = XCBuildConfiguration;
			buildSettings = {
				ALWAYS_SEARCH_USER_PATHS = NO;
				CLANG_ANALYZER_NONNULL = YES;
				CLANG_ANALYZER_NUMBER_OBJECT_CONVERSION = YES_AGGRESSIVE;
				CLANG_CXX_LANGUAGE_STANDARD = "gnu++14";
				CLANG_CXX_LIBRARY = "libc++";
				CLANG_ENABLE_MODULES = YES;
				CLANG_ENABLE_OBJC_ARC = YES;
				CLANG_ENABLE_OBJC_WEAK = YES;
				CLANG_WARN_BLOCK_CAPTURE_AUTORELEASING = YES;
				CLANG_WARN_BOOL_CONVERSION = YES;
				CLANG_WARN_COMMA = YES;
				CLANG_WARN_CONSTANT_CONVERSION = YES;
				CLANG_WARN_DEPRECATED_OBJC_IMPLEMENTATIONS = YES;
				CLANG_WARN_DIRECT_OBJC_ISA_USAGE = YES_ERROR;
				CLANG_WARN_DOCUMENTATION_COMMENTS = YES;
				CLANG_WARN_EMPTY_BODY = YES;
				CLANG_WARN_ENUM_CONVERSION = YES;
				CLANG_WARN_INFINITE_RECURSION = YES;
				CLANG_WARN_INT_CONVERSION = YES;
				CLANG_WARN_NON_LITERAL_NULL_CONVERSION = YES;
				CLANG_WARN_OBJC_IMPLICIT_RETAIN_SELF = YES;
				CLANG_WARN_OBJC_LITERAL_CONVERSION = YES;
				CLANG_WARN_OBJC_ROOT_CLASS = YES_ERROR;
				CLANG_WARN_QUOTED_INCLUDE_IN_FRAMEWORK_HEADER = YES;
				CLANG_WARN_RANGE_LOOP_ANALYSIS = YES;
				CLANG_WARN_STRICT_PROTOTYPES = YES;
				CLANG_WARN_SUSPICIOUS_MOVE = YES;
				CLANG_WARN_UNGUARDED_AVAILABILITY = YES_AGGRESSIVE;
				CLANG_WARN_UNREACHABLE_CODE = YES;
				CLANG_WARN__DUPLICATE_METHOD_MATCH = YES;
				COPY_PHASE_STRIP = NO;
				DEBUG_INFORMATION_FORMAT = "dwarf-with-dsym";
				ENABLE_NS_ASSERTIONS = NO;
				ENABLE_STRICT_OBJC_MSGSEND = YES;
				GCC_C_LANGUAGE_STANDARD = gnu11;
				GCC_NO_COMMON_BLOCKS = YES;
				GCC_WARN_64_TO_32_BIT_CONVERSION = YES;
				GCC_WARN_ABOUT_RETURN_TYPE = YES_ERROR;
				GCC_WARN_UNDECLARED_SELECTOR = YES;
				GCC_WARN_UNINITIALIZED_AUTOS = YES_AGGRESSIVE;
				GCC_WARN_UNUSED_FUNCTION = YES;
				GCC_WARN_UNUSED_VARIABLE = YES;
				IPHONEOS_DEPLOYMENT_TARGET = 14.5;
				MTL_ENABLE_DEBUG_INFO = NO;
				MTL_FAST_MATH = YES;
				SDKROOT = iphoneos;
				SWIFT_COMPILATION_MODE = wholemodule;
				SWIFT_OPTIMIZATION_LEVEL = "-O";
				VALIDATE_PRODUCT = YES;
			};
			name = Release;
		};
		FB160F0926A688080057B5BF /* Debug */ = {
			isa = XCBuildConfiguration;
			buildSettings = {
				ASSETCATALOG_COMPILER_APPICON_NAME = AppIcon;
				ASSETCATALOG_COMPILER_GLOBAL_ACCENT_COLOR_NAME = AccentColor;
				CODE_SIGN_IDENTITY = "iPhone Developer";
				CODE_SIGN_STYLE = Manual;
				DEVELOPMENT_TEAM = 8J3LQT7LJN;
				INFOPLIST_FILE = MyMovieChart/Info.plist;
				LD_RUNPATH_SEARCH_PATHS = (
					"$(inherited)",
					"@executable_path/Frameworks",
				);
				PRODUCT_BUNDLE_IDENTIFIER = kr.co.hist.MyMovieChart;
				PRODUCT_NAME = "$(TARGET_NAME)";
				PROVISIONING_PROFILE_SPECIFIER = "HIST Sample - Development";
				SWIFT_VERSION = 5.0;
				TARGETED_DEVICE_FAMILY = "1,2";
			};
			name = Debug;
		};
		FB160F0A26A688080057B5BF /* Release */ = {
			isa = XCBuildConfiguration;
			buildSettings = {
				ASSETCATALOG_COMPILER_APPICON_NAME = AppIcon;
				ASSETCATALOG_COMPILER_GLOBAL_ACCENT_COLOR_NAME = AccentColor;
				CODE_SIGN_IDENTITY = "iPhone Distribution";
				CODE_SIGN_STYLE = Manual;
				DEVELOPMENT_TEAM = 8J3LQT7LJN;
				INFOPLIST_FILE = MyMovieChart/Info.plist;
				LD_RUNPATH_SEARCH_PATHS = (
					"$(inherited)",
					"@executable_path/Frameworks",
				);
				PRODUCT_BUNDLE_IDENTIFIER = kr.co.hist.MyMovieChart;
				PRODUCT_NAME = "$(TARGET_NAME)";
				PROVISIONING_PROFILE_SPECIFIER = "HIST Sample - Ad hoc";
				SWIFT_VERSION = 5.0;
				TARGETED_DEVICE_FAMILY = "1,2";
			};
			name = Release;
		};
/* End XCBuildConfiguration section */

/* Begin XCConfigurationList section */
		FB160EEF26A688070057B5BF /* Build configuration list for PBXProject "MyMovieChart" */ = {
			isa = XCConfigurationList;
			buildConfigurations = (
				FB160F0626A688080057B5BF /* Debug */,
				FB160F0726A688080057B5BF /* Release */,
			);
			defaultConfigurationIsVisible = 0;
			defaultConfigurationName = Release;
		};
		FB160F0826A688080057B5BF /* Build configuration list for PBXNativeTarget "MyMovieChart" */ = {
			isa = XCConfigurationList;
			buildConfigurations = (
				FB160F0926A688080057B5BF /* Debug */,
				FB160F0A26A688080057B5BF /* Release */,
			);
			defaultConfigurationIsVisible = 0;
			defaultConfigurationName = Release;
		};
/* End XCConfigurationList section */
	};
	rootObject = FB160EEC26A688070057B5BF /* Project object */;
}
